
Microsoft Visual Studio Solution File, Format Version 12.00
# Visual Studio Version 16
VisualStudioVersion = 16.0.30907.101
MinimumVisualStudioVersion = 10.0.40219.1
Project("{FAE04EC0-301F-11D3-BF4B-00C04F79EFBC}") = "CFCprototype", "CFCprototype.csproj", "{C752D8C9-AA92-4381-A2D0-0AC4B232097E}"
EndProject
Global
	GlobalSection(SolutionConfigurationPlatforms) = preSolution
		Debug|Any CPU = Debug|Any CPU
		Release|Any CPU = Release|Any CPU
	EndGlobalSection
	GlobalSection(ProjectConfigurationPlatforms) = postSolution
		{C752D8C9-AA92-4381-A2D0-0AC4B232097E}.Debug|Any CPU.ActiveCfg = Debug|Any CPU
		{C752D8C9-AA92-4381-A2D0-0AC4B232097E}.Debug|Any CPU.Build.0 = Debug|Any CPU
		{C752D8C9-AA92-4381-A2D0-0AC4B232097E}.Release|Any CPU.ActiveCfg = Release|Any CPU
		{C752D8C9-AA92-4381-A2D0-0AC4B232097E}.Release|Any CPU.Build.0 = Release|Any CPU
	EndGlobalSection
	GlobalSection(SolutionProperties) = preSolution
		HideSolutionNode = FALSE
	EndGlobalSection
	GlobalSection(ExtensibilityGlobals) = postSolution
		SolutionGuid = {44EF3F82-EBFA-4E74-8B72-01026DE1FA9F}
	EndGlobalSection
EndGlobal
